
Microsoft Visual Studio Solution File, Format Version 12.00
# Visual Studio 15
VisualStudioVersion = 15.0.28307.1433
MinimumVisualStudioVersion = 10.0.40219.1
Project("{FAE04EC0-301F-11D3-BF4B-00C04F79EFBC}") = "17_9_CreateSequentialAccessFile", "17_9_CreateSequentialAccessFile\17_9_CreateSequentialAccessFile.csproj", "{793F6870-48AF-4AB8-B48F-178CA1CBFC05}"
EndProject
Global
	GlobalSection(SolutionConfigurationPlatforms) = preSolution
		Debug|Any CPU = Debug|Any CPU
		Release|Any CPU = Release|Any CPU
	EndGlobalSection
	GlobalSection(ProjectConfigurationPlatforms) = postSolution
		{793F6870-48AF-4AB8-B48F-178CA1CBFC05}.Debug|Any CPU.ActiveCfg = Debug|Any CPU
		{793F6870-48AF-4AB8-B48F-178CA1CBFC05}.Debug|Any CPU.Build.0 = Debug|Any CPU
		{793F6870-48AF-4AB8-B48F-178CA1CBFC05}.Release|Any CPU.ActiveCfg = Release|Any CPU
		{793F6870-48AF-4AB8-B48F-178CA1CBFC05}.Release|Any CPU.Build.0 = Release|Any CPU
	EndGlobalSection
	GlobalSection(SolutionProperties) = preSolution
		HideSolutionNode = FALSE
	EndGlobalSection
	GlobalSection(ExtensibilityGlobals) = postSolution
		SolutionGuid = {4DCB031D-FF0D-4E49-A0B1-E51BEF647F4D}
	EndGlobalSection
EndGlobal
