
Microsoft Visual Studio Solution File, Format Version 12.00
# Visual Studio 15
VisualStudioVersion = 15.0.28307.1433
MinimumVisualStudioVersion = 10.0.40219.1
Project("{FAE04EC0-301F-11D3-BF4B-00C04F79EFBC}") = "RandomInt", "RandomInt\RandomInt.csproj", "{E069A7F2-575E-446F-B6BB-82040E5C843C}"
EndProject
Global
	GlobalSection(SolutionConfigurationPlatforms) = preSolution
		Debug|Any CPU = Debug|Any CPU
		Release|Any CPU = Release|Any CPU
	EndGlobalSection
	GlobalSection(ProjectConfigurationPlatforms) = postSolution
		{E069A7F2-575E-446F-B6BB-82040E5C843C}.Debug|Any CPU.ActiveCfg = Debug|Any CPU
		{E069A7F2-575E-446F-B6BB-82040E5C843C}.Debug|Any CPU.Build.0 = Debug|Any CPU
		{E069A7F2-575E-446F-B6BB-82040E5C843C}.Release|Any CPU.ActiveCfg = Release|Any CPU
		{E069A7F2-575E-446F-B6BB-82040E5C843C}.Release|Any CPU.Build.0 = Release|Any CPU
	EndGlobalSection
	GlobalSection(SolutionProperties) = preSolution
		HideSolutionNode = FALSE
	EndGlobalSection
	GlobalSection(ExtensibilityGlobals) = postSolution
		SolutionGuid = {BDA82956-36FB-4B66-87DA-28D70D0356B6}
	EndGlobalSection
EndGlobal
