
Microsoft Visual Studio Solution File, Format Version 12.00
# Visual Studio 15
VisualStudioVersion = 15.0.28307.1433
MinimumVisualStudioVersion = 10.0.40219.1
Project("{FAE04EC0-301F-11D3-BF4B-00C04F79EFBC}") = "6_10_RoolDie", "6_10_RoolDie\6_10_RoolDie.csproj", "{78CBD1BF-7EAD-4007-ABF5-CEAF56B51690}"
EndProject
Global
	GlobalSection(SolutionConfigurationPlatforms) = preSolution
		Debug|Any CPU = Debug|Any CPU
		Release|Any CPU = Release|Any CPU
	EndGlobalSection
	GlobalSection(ProjectConfigurationPlatforms) = postSolution
		{78CBD1BF-7EAD-4007-ABF5-CEAF56B51690}.Debug|Any CPU.ActiveCfg = Debug|Any CPU
		{78CBD1BF-7EAD-4007-ABF5-CEAF56B51690}.Debug|Any CPU.Build.0 = Debug|Any CPU
		{78CBD1BF-7EAD-4007-ABF5-CEAF56B51690}.Release|Any CPU.ActiveCfg = Release|Any CPU
		{78CBD1BF-7EAD-4007-ABF5-CEAF56B51690}.Release|Any CPU.Build.0 = Release|Any CPU
	EndGlobalSection
	GlobalSection(SolutionProperties) = preSolution
		HideSolutionNode = FALSE
	EndGlobalSection
	GlobalSection(ExtensibilityGlobals) = postSolution
		SolutionGuid = {1AE849EB-C92D-4D78-9D5F-B69B5FF667F2}
	EndGlobalSection
EndGlobal
