
Microsoft Visual Studio Solution File, Format Version 12.00
# Visual Studio 15
VisualStudioVersion = 15.0.28307.1433
MinimumVisualStudioVersion = 10.0.40219.1
Project("{FAE04EC0-301F-11D3-BF4B-00C04F79EFBC}") = "2.14_hello_world", "2.14_hello_world\2.14_hello_world.csproj", "{2CC5233C-CAC4-4851-A7FB-C61B36E1C358}"
EndProject
Global
	GlobalSection(SolutionConfigurationPlatforms) = preSolution
		Debug|Any CPU = Debug|Any CPU
		Release|Any CPU = Release|Any CPU
	EndGlobalSection
	GlobalSection(ProjectConfigurationPlatforms) = postSolution
		{2CC5233C-CAC4-4851-A7FB-C61B36E1C358}.Debug|Any CPU.ActiveCfg = Debug|Any CPU
		{2CC5233C-CAC4-4851-A7FB-C61B36E1C358}.Debug|Any CPU.Build.0 = Debug|Any CPU
		{2CC5233C-CAC4-4851-A7FB-C61B36E1C358}.Release|Any CPU.ActiveCfg = Release|Any CPU
		{2CC5233C-CAC4-4851-A7FB-C61B36E1C358}.Release|Any CPU.Build.0 = Release|Any CPU
	EndGlobalSection
	GlobalSection(SolutionProperties) = preSolution
		HideSolutionNode = FALSE
	EndGlobalSection
	GlobalSection(ExtensibilityGlobals) = postSolution
		SolutionGuid = {E86829D1-6086-4349-AD53-ABDAF484194F}
	EndGlobalSection
EndGlobal
