
Microsoft Visual Studio Solution File, Format Version 12.00
# Visual Studio 15
VisualStudioVersion = 15.0.28307.1433
MinimumVisualStudioVersion = 10.0.40219.1
Project("{FAE04EC0-301F-11D3-BF4B-00C04F79EFBC}") = "Interest", "Interest\Interest.csproj", "{E746E4A3-00DE-42B5-B627-5411334C0F55}"
EndProject
Global
	GlobalSection(SolutionConfigurationPlatforms) = preSolution
		Debug|Any CPU = Debug|Any CPU
		Release|Any CPU = Release|Any CPU
	EndGlobalSection
	GlobalSection(ProjectConfigurationPlatforms) = postSolution
		{E746E4A3-00DE-42B5-B627-5411334C0F55}.Debug|Any CPU.ActiveCfg = Debug|Any CPU
		{E746E4A3-00DE-42B5-B627-5411334C0F55}.Debug|Any CPU.Build.0 = Debug|Any CPU
		{E746E4A3-00DE-42B5-B627-5411334C0F55}.Release|Any CPU.ActiveCfg = Release|Any CPU
		{E746E4A3-00DE-42B5-B627-5411334C0F55}.Release|Any CPU.Build.0 = Release|Any CPU
	EndGlobalSection
	GlobalSection(SolutionProperties) = preSolution
		HideSolutionNode = FALSE
	EndGlobalSection
	GlobalSection(ExtensibilityGlobals) = postSolution
		SolutionGuid = {0168215D-328C-44A1-A06F-9D366B6CF23A}
	EndGlobalSection
EndGlobal
