
Microsoft Visual Studio Solution File, Format Version 12.00
# Visual Studio 15
VisualStudioVersion = 15.0.28307.1433
MinimumVisualStudioVersion = 10.0.40219.1
Project("{FAE04EC0-301F-11D3-BF4B-00C04F79EFBC}") = "7_11_LinearSearcher", "7_11_LinearSearcher\7_11_LinearSearcher.csproj", "{A87CAA07-3D18-49BC-A949-F8777558FEC6}"
EndProject
Global
	GlobalSection(SolutionConfigurationPlatforms) = preSolution
		Debug|Any CPU = Debug|Any CPU
		Release|Any CPU = Release|Any CPU
	EndGlobalSection
	GlobalSection(ProjectConfigurationPlatforms) = postSolution
		{A87CAA07-3D18-49BC-A949-F8777558FEC6}.Debug|Any CPU.ActiveCfg = Debug|Any CPU
		{A87CAA07-3D18-49BC-A949-F8777558FEC6}.Debug|Any CPU.Build.0 = Debug|Any CPU
		{A87CAA07-3D18-49BC-A949-F8777558FEC6}.Release|Any CPU.ActiveCfg = Release|Any CPU
		{A87CAA07-3D18-49BC-A949-F8777558FEC6}.Release|Any CPU.Build.0 = Release|Any CPU
	EndGlobalSection
	GlobalSection(SolutionProperties) = preSolution
		HideSolutionNode = FALSE
	EndGlobalSection
	GlobalSection(ExtensibilityGlobals) = postSolution
		SolutionGuid = {1807ECBF-E493-4870-BD1B-592267DFD2A5}
	EndGlobalSection
EndGlobal
