
Microsoft Visual Studio Solution File, Format Version 12.00
# Visual Studio 15
VisualStudioVersion = 15.0.28307.1433
MinimumVisualStudioVersion = 10.0.40219.1
Project("{FAE04EC0-301F-11D3-BF4B-00C04F79EFBC}") = "3_11_Addition", "3_11_Addition\3_11_Addition.csproj", "{C593ED8A-E499-4BA9-A779-AA7E3C2E508F}"
EndProject
Global
	GlobalSection(SolutionConfigurationPlatforms) = preSolution
		Debug|Any CPU = Debug|Any CPU
		Release|Any CPU = Release|Any CPU
	EndGlobalSection
	GlobalSection(ProjectConfigurationPlatforms) = postSolution
		{C593ED8A-E499-4BA9-A779-AA7E3C2E508F}.Debug|Any CPU.ActiveCfg = Debug|Any CPU
		{C593ED8A-E499-4BA9-A779-AA7E3C2E508F}.Debug|Any CPU.Build.0 = Debug|Any CPU
		{C593ED8A-E499-4BA9-A779-AA7E3C2E508F}.Release|Any CPU.ActiveCfg = Release|Any CPU
		{C593ED8A-E499-4BA9-A779-AA7E3C2E508F}.Release|Any CPU.Build.0 = Release|Any CPU
	EndGlobalSection
	GlobalSection(SolutionProperties) = preSolution
		HideSolutionNode = FALSE
	EndGlobalSection
	GlobalSection(ExtensibilityGlobals) = postSolution
		SolutionGuid = {C55E98A0-0986-4E39-B44D-EC3FD9E44382}
	EndGlobalSection
EndGlobal
