
Microsoft Visual Studio Solution File, Format Version 12.00
# Visual Studio 15
VisualStudioVersion = 15.0.28307.1433
MinimumVisualStudioVersion = 10.0.40219.1
Project("{FAE04EC0-301F-11D3-BF4B-00C04F79EFBC}") = "17_7_BankUI", "17_7_BankUI\17_7_BankUI.csproj", "{2CDCD04F-E139-4230-B59F-59F0926188C2}"
EndProject
Global
	GlobalSection(SolutionConfigurationPlatforms) = preSolution
		Debug|Any CPU = Debug|Any CPU
		Release|Any CPU = Release|Any CPU
	EndGlobalSection
	GlobalSection(ProjectConfigurationPlatforms) = postSolution
		{2CDCD04F-E139-4230-B59F-59F0926188C2}.Debug|Any CPU.ActiveCfg = Debug|Any CPU
		{2CDCD04F-E139-4230-B59F-59F0926188C2}.Debug|Any CPU.Build.0 = Debug|Any CPU
		{2CDCD04F-E139-4230-B59F-59F0926188C2}.Release|Any CPU.ActiveCfg = Release|Any CPU
		{2CDCD04F-E139-4230-B59F-59F0926188C2}.Release|Any CPU.Build.0 = Release|Any CPU
	EndGlobalSection
	GlobalSection(SolutionProperties) = preSolution
		HideSolutionNode = FALSE
	EndGlobalSection
	GlobalSection(ExtensibilityGlobals) = postSolution
		SolutionGuid = {9F4EFCC5-65C5-4349-A232-DB62540004F5}
	EndGlobalSection
EndGlobal
